
Microsoft Visual Studio Solution File, Format Version 12.00
# Visual Studio 15
Project("{2150E333-8FDC-42A3-9474-1A3956D46DE8}") = "Solution Items", "Solution Items", "{F364346D-0C96-4D0C-97FC-8044C0DE6DC2}"
EndProject
Project("{FAE04EC0-301F-11D3-BF4B-00C04F79EFBC}") = "mintvattAPI", "mintvattAPI\mintvattAPI.csproj", "{A5F9824F-17A4-4876-B7C1-59953978BDD9}"
EndProject
Project("{FAE04EC0-301F-11D3-BF4B-00C04F79EFBC}") = "mintvattIdentityServer4", "mintvattIdentityServer4\mintvattIdentityServer4.csproj", "{5BA72388-D046-4DFB-B87D-ED9019AD4EA4}"
EndProject
Project("{FAE04EC0-301F-11D3-BF4B-00C04F79EFBC}") = "mintvatt.MVC", "mintvatt.MVC\mintvatt.MVC.csproj", "{B6037644-EC56-4983-9104-DAAFCDEC5AE7}"
EndProject
Global
	GlobalSection(SolutionConfigurationPlatforms) = preSolution
		Debug|Any CPU = Debug|Any CPU
		Release|Any CPU = Release|Any CPU
	EndGlobalSection
	GlobalSection(ProjectConfigurationPlatforms) = postSolution
		{A5F9824F-17A4-4876-B7C1-59953978BDD9}.Debug|Any CPU.ActiveCfg = Debug|Any CPU
		{A5F9824F-17A4-4876-B7C1-59953978BDD9}.Debug|Any CPU.Build.0 = Debug|Any CPU
		{A5F9824F-17A4-4876-B7C1-59953978BDD9}.Release|Any CPU.ActiveCfg = Release|Any CPU
		{A5F9824F-17A4-4876-B7C1-59953978BDD9}.Release|Any CPU.Build.0 = Release|Any CPU
		{5BA72388-D046-4DFB-B87D-ED9019AD4EA4}.Debug|Any CPU.ActiveCfg = Debug|Any CPU
		{5BA72388-D046-4DFB-B87D-ED9019AD4EA4}.Debug|Any CPU.Build.0 = Debug|Any CPU
		{5BA72388-D046-4DFB-B87D-ED9019AD4EA4}.Release|Any CPU.ActiveCfg = Release|Any CPU
		{5BA72388-D046-4DFB-B87D-ED9019AD4EA4}.Release|Any CPU.Build.0 = Release|Any CPU
		{B6037644-EC56-4983-9104-DAAFCDEC5AE7}.Debug|Any CPU.ActiveCfg = Debug|Any CPU
		{B6037644-EC56-4983-9104-DAAFCDEC5AE7}.Debug|Any CPU.Build.0 = Debug|Any CPU
		{B6037644-EC56-4983-9104-DAAFCDEC5AE7}.Release|Any CPU.ActiveCfg = Release|Any CPU
		{B6037644-EC56-4983-9104-DAAFCDEC5AE7}.Release|Any CPU.Build.0 = Release|Any CPU
	EndGlobalSection
	GlobalSection(NestedProjects) = preSolution
	EndGlobalSection
EndGlobal
